// !$*UTF8*$!
{
	archiveVersion = 1;
	classes = {
	};
	objectVersion = 50;
	objects = {

/* Begin PBXBuildFile section */
		04DDF60EA5CA086796A17833 /* libPods-ceshi.a in Frameworks */ = {isa = PBXBuildFile; fileRef = 1FCD265D85EF073498477633 /* libPods-ceshi.a */; };
		B714161A2125115E002F917C /* .gitkeep in Resources */ = {isa = PBXBuildFile; fileRef = B71416132125115E002F917C /* .gitkeep */; };
		B714161B2125115E002F917C /* .gitkeep in Resources */ = {isa = PBXBuildFile; fileRef = B71416152125115E002F917C /* .gitkeep */; };
		B714161C2125115E002F917C /* RTRootNavigationController.m in Sources */ = {isa = PBXBuildFile; fileRef = B71416172125115E002F917C /* RTRootNavigationController.m */; };
		B714161D2125115E002F917C /* UIViewController+RTRootNavigationController.m in Sources */ = {isa = PBXBuildFile; fileRef = B71416192125115E002F917C /* UIViewController+RTRootNavigationController.m */; };
		B714162A21251999002F917C /* customBack@2x.png in Resources */ = {isa = PBXBuildFile; fileRef = B714162921251999002F917C /* customBack@2x.png */; };
		B7235D69212434CB00911F1D /* keybrdHide@2x.png in Resources */ = {isa = PBXBuildFile; fileRef = B7235D68212434CB00911F1D /* keybrdHide@2x.png */; };
		B739361720CA17580027CF42 /* AppDelegate.m in Sources */ = {isa = PBXBuildFile; fileRef = B739361620CA17580027CF42 /* AppDelegate.m */; };
		B739361A20CA17580027CF42 /* ViewController.m in Sources */ = {isa = PBXBuildFile; fileRef = B739361920CA17580027CF42 /* ViewController.m */; };
		B739361D20CA17580027CF42 /* Main.storyboard in Resources */ = {isa = PBXBuildFile; fileRef = B739361B20CA17580027CF42 /* Main.storyboard */; };
		B739361F20CA17590027CF42 /* Assets.xcassets in Resources */ = {isa = PBXBuildFile; fileRef = B739361E20CA17590027CF42 /* Assets.xcassets */; };
		B739362220CA17590027CF42 /* LaunchScreen.storyboard in Resources */ = {isa = PBXBuildFile; fileRef = B739362020CA17590027CF42 /* LaunchScreen.storyboard */; };
		B739362520CA17590027CF42 /* main.m in Sources */ = {isa = PBXBuildFile; fileRef = B739362420CA17590027CF42 /* main.m */; };
		B739362F20CA17590027CF42 /* ceshiTests.m in Sources */ = {isa = PBXBuildFile; fileRef = B739362E20CA17590027CF42 /* ceshiTests.m */; };
		B739363A20CA17590027CF42 /* ceshiUITests.m in Sources */ = {isa = PBXBuildFile; fileRef = B739363920CA17590027CF42 /* ceshiUITests.m */; };
		B770379420EF11A60041FCE6 /* TestModel.m in Sources */ = {isa = PBXBuildFile; fileRef = B770379320EF11A60041FCE6 /* TestModel.m */; };
		B7D9F96E20CA1E5400028A85 /* Book.m in Sources */ = {isa = PBXBuildFile; fileRef = B7D9F96D20CA1E5400028A85 /* Book.m */; };
		B7D9F97120CA244500028A85 /* ext.m in Sources */ = {isa = PBXBuildFile; fileRef = B7D9F97020CA244500028A85 /* ext.m */; };
		B7D9F97420CA258700028A85 /* Person.m in Sources */ = {isa = PBXBuildFile; fileRef = B7D9F97320CA258700028A85 /* Person.m */; };
		B7D9F97720CA417600028A85 /* FZBaseModel.m in Sources */ = {isa = PBXBuildFile; fileRef = B7D9F97620CA417600028A85 /* FZBaseModel.m */; };
/* End PBXBuildFile section */

/* Begin PBXContainerItemProxy section */
		B739362B20CA17590027CF42 /* PBXContainerItemProxy */ = {
			isa = PBXContainerItemProxy;
			containerPortal = B739360A20CA17580027CF42 /* Project object */;
			proxyType = 1;
			remoteGlobalIDString = B739361120CA17580027CF42;
			remoteInfo = ceshi;
		};
		B739363620CA17590027CF42 /* PBXContainerItemProxy */ = {
			isa = PBXContainerItemProxy;
			containerPortal = B739360A20CA17580027CF42 /* Project object */;
			proxyType = 1;
			remoteGlobalIDString = B739361120CA17580027CF42;
			remoteInfo = ceshi;
		};
/* End PBXContainerItemProxy section */

/* Begin PBXFileReference section */
		0A117E6584F3DEF7B35F289D /* Pods-ceshi.release.xcconfig */ = {isa = PBXFileReference; includeInIndex = 1; lastKnownFileType = text.xcconfig; name = "Pods-ceshi.release.xcconfig"; path = "Pods/Target Support Files/Pods-ceshi/Pods-ceshi.release.xcconfig"; sourceTree = "<group>"; };
		1FCD265D85EF073498477633 /* libPods-ceshi.a */ = {isa = PBXFileReference; explicitFileType = archive.ar; includeInIndex = 0; path = "libPods-ceshi.a"; sourceTree = BUILT_PRODUCTS_DIR; };
		6FAE6441223CA57F587D3394 /* Pods-ceshi.debug.xcconfig */ = {isa = PBXFileReference; includeInIndex = 1; lastKnownFileType = text.xcconfig; name = "Pods-ceshi.debug.xcconfig"; path = "Pods/Target Support Files/Pods-ceshi/Pods-ceshi.debug.xcconfig"; sourceTree = "<group>"; };
		B71416132125115E002F917C /* .gitkeep */ = {isa = PBXFileReference; fileEncoding = 4; lastKnownFileType = text; path = .gitkeep; sourceTree = "<group>"; };
		B71416152125115E002F917C /* .gitkeep */ = {isa = PBXFileReference; fileEncoding = 4; lastKnownFileType = text; path = .gitkeep; sourceTree = "<group>"; };
		B71416162125115E002F917C /* RTRootNavigationController.h */ = {isa = PBXFileReference; fileEncoding = 4; lastKnownFileType = sourcecode.c.h; path = RTRootNavigationController.h; sourceTree = "<group>"; };
		B71416172125115E002F917C /* RTRootNavigationController.m */ = {isa = PBXFileReference; fileEncoding = 4; lastKnownFileType = sourcecode.c.objc; path = RTRootNavigationController.m; sourceTree = "<group>"; };
		B71416182125115E002F917C /* UIViewController+RTRootNavigationController.h */ = {isa = PBXFileReference; fileEncoding = 4; lastKnownFileType = sourcecode.c.h; path = "UIViewController+RTRootNavigationController.h"; sourceTree = "<group>"; };
		B71416192125115E002F917C /* UIViewController+RTRootNavigationController.m */ = {isa = PBXFileReference; fileEncoding = 4; lastKnownFileType = sourcecode.c.objc; path = "UIViewController+RTRootNavigationController.m"; sourceTree = "<group>"; };
		B714162921251999002F917C /* customBack@2x.png */ = {isa = PBXFileReference; lastKnownFileType = image.png; path = "customBack@2x.png"; sourceTree = "<group>"; };
		B7235D68212434CB00911F1D /* keybrdHide@2x.png */ = {isa = PBXFileReference; lastKnownFileType = image.png; path = "keybrdHide@2x.png"; sourceTree = "<group>"; };
		B739361220CA17580027CF42 /* ceshi.app */ = {isa = PBXFileReference; explicitFileType = wrapper.application; includeInIndex = 0; path = ceshi.app; sourceTree = BUILT_PRODUCTS_DIR; };
		B739361520CA17580027CF42 /* AppDelegate.h */ = {isa = PBXFileReference; lastKnownFileType = sourcecode.c.h; path = AppDelegate.h; sourceTree = "<group>"; };
		B739361620CA17580027CF42 /* AppDelegate.m */ = {isa = PBXFileReference; lastKnownFileType = sourcecode.c.objc; path = AppDelegate.m; sourceTree = "<group>"; };
		B739361820CA17580027CF42 /* ViewController.h */ = {isa = PBXFileReference; lastKnownFileType = sourcecode.c.h; path = ViewController.h; sourceTree = "<group>"; };
		B739361920CA17580027CF42 /* ViewController.m */ = {isa = PBXFileReference; lastKnownFileType = sourcecode.c.objc; path = ViewController.m; sourceTree = "<group>"; };
		B739361C20CA17580027CF42 /* Base */ = {isa = PBXFileReference; lastKnownFileType = file.storyboard; name = Base; path = Base.lproj/Main.storyboard; sourceTree = "<group>"; };
		B739361E20CA17590027CF42 /* Assets.xcassets */ = {isa = PBXFileReference; lastKnownFileType = folder.assetcatalog; path = Assets.xcassets; sourceTree = "<group>"; };
		B739362120CA17590027CF42 /* Base */ = {isa = PBXFileReference; lastKnownFileType = file.storyboard; name = Base; path = Base.lproj/LaunchScreen.storyboard; sourceTree = "<group>"; };
		B739362320CA17590027CF42 /* Info.plist */ = {isa = PBXFileReference; lastKnownFileType = text.plist.xml; path = Info.plist; sourceTree = "<group>"; };
		B739362420CA17590027CF42 /* main.m */ = {isa = PBXFileReference; lastKnownFileType = sourcecode.c.objc; path = main.m; sourceTree = "<group>"; };
		B739362A20CA17590027CF42 /* ceshiTests.xctest */ = {isa = PBXFileReference; explicitFileType = wrapper.cfbundle; includeInIndex = 0; path = ceshiTests.xctest; sourceTree = BUILT_PRODUCTS_DIR; };
		B739362E20CA17590027CF42 /* ceshiTests.m */ = {isa = PBXFileReference; lastKnownFileType = sourcecode.c.objc; path = ceshiTests.m; sourceTree = "<group>"; };
		B739363020CA17590027CF42 /* Info.plist */ = {isa = PBXFileReference; lastKnownFileType = text.plist.xml; path = Info.plist; sourceTree = "<group>"; };
		B739363520CA17590027CF42 /* ceshiUITests.xctest */ = {isa = PBXFileReference; explicitFileType = wrapper.cfbundle; includeInIndex = 0; path = ceshiUITests.xctest; sourceTree = BUILT_PRODUCTS_DIR; };
		B739363920CA17590027CF42 /* ceshiUITests.m */ = {isa = PBXFileReference; lastKnownFileType = sourcecode.c.objc; path = ceshiUITests.m; sourceTree = "<group>"; };
		B739363B20CA17590027CF42 /* Info.plist */ = {isa = PBXFileReference; lastKnownFileType = text.plist.xml; path = Info.plist; sourceTree = "<group>"; };
		B770379220EF11A60041FCE6 /* TestModel.h */ = {isa = PBXFileReference; lastKnownFileType = sourcecode.c.h; path = TestModel.h; sourceTree = "<group>"; };
		B770379320EF11A60041FCE6 /* TestModel.m */ = {isa = PBXFileReference; lastKnownFileType = sourcecode.c.objc; path = TestModel.m; sourceTree = "<group>"; };
		B7D9F96C20CA1E5400028A85 /* Book.h */ = {isa = PBXFileReference; lastKnownFileType = sourcecode.c.h; path = Book.h; sourceTree = "<group>"; };
		B7D9F96D20CA1E5400028A85 /* Book.m */ = {isa = PBXFileReference; lastKnownFileType = sourcecode.c.objc; path = Book.m; sourceTree = "<group>"; };
		B7D9F96F20CA244500028A85 /* ext.h */ = {isa = PBXFileReference; lastKnownFileType = sourcecode.c.h; path = ext.h; sourceTree = "<group>"; };
		B7D9F97020CA244500028A85 /* ext.m */ = {isa = PBXFileReference; lastKnownFileType = sourcecode.c.objc; path = ext.m; sourceTree = "<group>"; };
		B7D9F97220CA258700028A85 /* Person.h */ = {isa = PBXFileReference; lastKnownFileType = sourcecode.c.h; path = Person.h; sourceTree = "<group>"; };
		B7D9F97320CA258700028A85 /* Person.m */ = {isa = PBXFileReference; lastKnownFileType = sourcecode.c.objc; path = Person.m; sourceTree = "<group>"; };
		B7D9F97520CA417600028A85 /* FZBaseModel.h */ = {isa = PBXFileReference; lastKnownFileType = sourcecode.c.h; path = FZBaseModel.h; sourceTree = "<group>"; };
		B7D9F97620CA417600028A85 /* FZBaseModel.m */ = {isa = PBXFileReference; lastKnownFileType = sourcecode.c.objc; path = FZBaseModel.m; sourceTree = "<group>"; };
/* End PBXFileReference section */

/* Begin PBXFrameworksBuildPhase section */
		B739360F20CA17580027CF42 /* Frameworks */ = {
			isa = PBXFrameworksBuildPhase;
			buildActionMask = 2147483647;
			files = (
				04DDF60EA5CA086796A17833 /* libPods-ceshi.a in Frameworks */,
			);
			runOnlyForDeploymentPostprocessing = 0;
		};
		B739362720CA17590027CF42 /* Frameworks */ = {
			isa = PBXFrameworksBuildPhase;
			buildActionMask = 2147483647;
			files = (
			);
			runOnlyForDeploymentPostprocessing = 0;
		};
		B739363220CA17590027CF42 /* Frameworks */ = {
			isa = PBXFrameworksBuildPhase;
			buildActionMask = 2147483647;
			files = (
			);
			runOnlyForDeploymentPostprocessing = 0;
		};
/* End PBXFrameworksBuildPhase section */

/* Begin PBXGroup section */
		129388E26DE5B66A8DBEDA70 /* Pods */ = {
			isa = PBXGroup;
			children = (
				6FAE6441223CA57F587D3394 /* Pods-ceshi.debug.xcconfig */,
				0A117E6584F3DEF7B35F289D /* Pods-ceshi.release.xcconfig */,
			);
			name = Pods;
			sourceTree = "<group>";
		};
		A1BD9204D1A584B157675EFE /* Frameworks */ = {
			isa = PBXGroup;
			children = (
				1FCD265D85EF073498477633 /* libPods-ceshi.a */,
			);
			name = Frameworks;
			sourceTree = "<group>";
		};
		B71416112125115E002F917C /* RTRootNavigationController */ = {
			isa = PBXGroup;
			children = (
				B71416122125115E002F917C /* Assets */,
				B71416142125115E002F917C /* Classes */,
			);
			path = RTRootNavigationController;
			sourceTree = "<group>";
		};
		B71416122125115E002F917C /* Assets */ = {
			isa = PBXGroup;
			children = (
				B71416132125115E002F917C /* .gitkeep */,
			);
			path = Assets;
			sourceTree = "<group>";
		};
		B71416142125115E002F917C /* Classes */ = {
			isa = PBXGroup;
			children = (
				B71416152125115E002F917C /* .gitkeep */,
				B71416162125115E002F917C /* RTRootNavigationController.h */,
				B71416172125115E002F917C /* RTRootNavigationController.m */,
				B71416182125115E002F917C /* UIViewController+RTRootNavigationController.h */,
				B71416192125115E002F917C /* UIViewController+RTRootNavigationController.m */,
			);
			path = Classes;
			sourceTree = "<group>";
		};
		B739360920CA17580027CF42 = {
			isa = PBXGroup;
			children = (
				B739361420CA17580027CF42 /* ceshi */,
				B739362D20CA17590027CF42 /* ceshiTests */,
				B739363820CA17590027CF42 /* ceshiUITests */,
				B739361320CA17580027CF42 /* Products */,
				129388E26DE5B66A8DBEDA70 /* Pods */,
				A1BD9204D1A584B157675EFE /* Frameworks */,
			);
			sourceTree = "<group>";
		};
		B739361320CA17580027CF42 /* Products */ = {
			isa = PBXGroup;
			children = (
				B739361220CA17580027CF42 /* ceshi.app */,
				B739362A20CA17590027CF42 /* ceshiTests.xctest */,
				B739363520CA17590027CF42 /* ceshiUITests.xctest */,
			);
			name = Products;
			sourceTree = "<group>";
		};
		B739361420CA17580027CF42 /* ceshi */ = {
			isa = PBXGroup;
			children = (
				B71416112125115E002F917C /* RTRootNavigationController */,
				B7235D68212434CB00911F1D /* keybrdHide@2x.png */,
				B714162921251999002F917C /* customBack@2x.png */,
				B739361520CA17580027CF42 /* AppDelegate.h */,
				B739361620CA17580027CF42 /* AppDelegate.m */,
				B739361820CA17580027CF42 /* ViewController.h */,
				B739361920CA17580027CF42 /* ViewController.m */,
				B739361B20CA17580027CF42 /* Main.storyboard */,
				B739361E20CA17590027CF42 /* Assets.xcassets */,
				B739362020CA17590027CF42 /* LaunchScreen.storyboard */,
				B739362320CA17590027CF42 /* Info.plist */,
				B739362420CA17590027CF42 /* main.m */,
				B7D9F96C20CA1E5400028A85 /* Book.h */,
				B7D9F96D20CA1E5400028A85 /* Book.m */,
				B7D9F96F20CA244500028A85 /* ext.h */,
				B7D9F97020CA244500028A85 /* ext.m */,
				B7D9F97220CA258700028A85 /* Person.h */,
				B7D9F97320CA258700028A85 /* Person.m */,
				B7D9F97520CA417600028A85 /* FZBaseModel.h */,
				B7D9F97620CA417600028A85 /* FZBaseModel.m */,
				B770379220EF11A60041FCE6 /* TestModel.h */,
				B770379320EF11A60041FCE6 /* TestModel.m */,
			);
			path = ceshi;
			sourceTree = "<group>";
		};
		B739362D20CA17590027CF42 /* ceshiTests */ = {
			isa = PBXGroup;
			children = (
				B739362E20CA17590027CF42 /* ceshiTests.m */,
				B739363020CA17590027CF42 /* Info.plist */,
			);
			path = ceshiTests;
			sourceTree = "<group>";
		};
		B739363820CA17590027CF42 /* ceshiUITests */ = {
			isa = PBXGroup;
			children = (
				B739363920CA17590027CF42 /* ceshiUITests.m */,
				B739363B20CA17590027CF42 /* Info.plist */,
			);
			path = ceshiUITests;
			sourceTree = "<group>";
		};
/* End PBXGroup section */

/* Begin PBXNativeTarget section */
		B739361120CA17580027CF42 /* ceshi */ = {
			isa = PBXNativeTarget;
			buildConfigurationList = B739363E20CA17590027CF42 /* Build configuration list for PBXNativeTarget "ceshi" */;
			buildPhases = (
				245663C2DE3288033730F3DD /* [CP] Check Pods Manifest.lock */,
				B739360E20CA17580027CF42 /* Sources */,
				B739360F20CA17580027CF42 /* Frameworks */,
				B739361020CA17580027CF42 /* Resources */,
				61B5A87C1853A39B126D4E8E /* [CP] Copy Pods Resources */,
			);
			buildRules = (
			);
			dependencies = (
			);
			name = ceshi;
			productName = ceshi;
			productReference = B739361220CA17580027CF42 /* ceshi.app */;
			productType = "com.apple.product-type.application";
		};
		B739362920CA17590027CF42 /* ceshiTests */ = {
			isa = PBXNativeTarget;
			buildConfigurationList = B739364120CA17590027CF42 /* Build configuration list for PBXNativeTarget "ceshiTests" */;
			buildPhases = (
				B739362620CA17590027CF42 /* Sources */,
				B739362720CA17590027CF42 /* Frameworks */,
				B739362820CA17590027CF42 /* Resources */,
			);
			buildRules = (
			);
			dependencies = (
				B739362C20CA17590027CF42 /* PBXTargetDependency */,
			);
			name = ceshiTests;
			productName = ceshiTests;
			productReference = B739362A20CA17590027CF42 /* ceshiTests.xctest */;
			productType = "com.apple.product-type.bundle.unit-test";
		};
		B739363420CA17590027CF42 /* ceshiUITests */ = {
			isa = PBXNativeTarget;
			buildConfigurationList = B739364420CA17590027CF42 /* Build configuration list for PBXNativeTarget "ceshiUITests" */;
			buildPhases = (
				B739363120CA17590027CF42 /* Sources */,
				B739363220CA17590027CF42 /* Frameworks */,
				B739363320CA17590027CF42 /* Resources */,
			);
			buildRules = (
			);
			dependencies = (
				B739363720CA17590027CF42 /* PBXTargetDependency */,
			);
			name = ceshiUITests;
			productName = ceshiUITests;
			productReference = B739363520CA17590027CF42 /* ceshiUITests.xctest */;
			productType = "com.apple.product-type.bundle.ui-testing";
		};
/* End PBXNativeTarget section */

/* Begin PBXProject section */
		B739360A20CA17580027CF42 /* Project object */ = {
			isa = PBXProject;
			attributes = {
				LastUpgradeCheck = 0930;
				ORGANIZATIONNAME = xiehewanbang;
				TargetAttributes = {
					B739361120CA17580027CF42 = {
						CreatedOnToolsVersion = 9.3.1;
					};
					B739362920CA17590027CF42 = {
						CreatedOnToolsVersion = 9.3.1;
						TestTargetID = B739361120CA17580027CF42;
					};
					B739363420CA17590027CF42 = {
						CreatedOnToolsVersion = 9.3.1;
						TestTargetID = B739361120CA17580027CF42;
					};
				};
			};
			buildConfigurationList = B739360D20CA17580027CF42 /* Build configuration list for PBXProject "ceshi" */;
			compatibilityVersion = "Xcode 9.3";
			developmentRegion = en;
			hasScannedForEncodings = 0;
			knownRegions = (
				en,
				Base,
			);
			mainGroup = B739360920CA17580027CF42;
			productRefGroup = B739361320CA17580027CF42 /* Products */;
			projectDirPath = "";
			projectRoot = "";
			targets = (
				B739361120CA17580027CF42 /* ceshi */,
				B739362920CA17590027CF42 /* ceshiTests */,
				B739363420CA17590027CF42 /* ceshiUITests */,
			);
		};
/* End PBXProject section */

/* Begin PBXResourcesBuildPhase section */
		B739361020CA17580027CF42 /* Resources */ = {
			isa = PBXResourcesBuildPhase;
			buildActionMask = 2147483647;
			files = (
				B739362220CA17590027CF42 /* LaunchScreen.storyboard in Resources */,
				B7235D69212434CB00911F1D /* keybrdHide@2x.png in Resources */,
				B714161A2125115E002F917C /* .gitkeep in Resources */,
				B739361F20CA17590027CF42 /* Assets.xcassets in Resources */,
				B714162A21251999002F917C /* customBack@2x.png in Resources */,
				B739361D20CA17580027CF42 /* Main.storyboard in Resources */,
				B714161B2125115E002F917C /* .gitkeep in Resources */,
			);
			runOnlyForDeploymentPostprocessing = 0;
		};
		B739362820CA17590027CF42 /* Resources */ = {
			isa = PBXResourcesBuildPhase;
			buildActionMask = 2147483647;
			files = (
			);
			runOnlyForDeploymentPostprocessing = 0;
		};
		B739363320CA17590027CF42 /* Resources */ = {
			isa = PBXResourcesBuildPhase;
			buildActionMask = 2147483647;
			files = (
			);
			runOnlyForDeploymentPostprocessing = 0;
		};
/* End PBXResourcesBuildPhase section */

/* Begin PBXShellScriptBuildPhase section */
		245663C2DE3288033730F3DD /* [CP] Check Pods Manifest.lock */ = {
			isa = PBXShellScriptBuildPhase;
			buildActionMask = 2147483647;
			files = (
			);
			inputPaths = (
				"${PODS_PODFILE_DIR_PATH}/Podfile.lock",
				"${PODS_ROOT}/Manifest.lock",
			);
			name = "[CP] Check Pods Manifest.lock";
			outputPaths = (
				"$(DERIVED_FILE_DIR)/Pods-ceshi-checkManifestLockResult.txt",
			);
			runOnlyForDeploymentPostprocessing = 0;
			shellPath = /bin/sh;
			shellScript = "diff \"${PODS_PODFILE_DIR_PATH}/Podfile.lock\" \"${PODS_ROOT}/Manifest.lock\" > /dev/null\nif [ $? != 0 ] ; then\n    # print error to STDERR\n    echo \"error: The sandbox is not in sync with the Podfile.lock. Run 'pod install' or update your CocoaPods installation.\" >&2\n    exit 1\nfi\n# This output is used by Xcode 'outputs' to avoid re-running this script phase.\necho \"SUCCESS\" > \"${SCRIPT_OUTPUT_FILE_0}\"\n";
			showEnvVarsInLog = 0;
		};
		61B5A87C1853A39B126D4E8E /* [CP] Copy Pods Resources */ = {
			isa = PBXShellScriptBuildPhase;
			buildActionMask = 2147483647;
			files = (
			);
			inputPaths = (
				"${SRCROOT}/Pods/Target Support Files/Pods-ceshi/Pods-ceshi-resources.sh",
				"${PODS_ROOT}/IQKeyboardManager/IQKeyboardManager/Resources/IQKeyboardManager.bundle",
				"${PODS_ROOT}/SVProgressHUD/SVProgressHUD/SVProgressHUD.bundle",
			);
			name = "[CP] Copy Pods Resources";
			outputPaths = (
				"${TARGET_BUILD_DIR}/${UNLOCALIZED_RESOURCES_FOLDER_PATH}/IQKeyboardManager.bundle",
				"${TARGET_BUILD_DIR}/${UNLOCALIZED_RESOURCES_FOLDER_PATH}/SVProgressHUD.bundle",
			);
			runOnlyForDeploymentPostprocessing = 0;
			shellPath = /bin/sh;
			shellScript = "\"${SRCROOT}/Pods/Target Support Files/Pods-ceshi/Pods-ceshi-resources.sh\"\n";
			showEnvVarsInLog = 0;
		};
/* End PBXShellScriptBuildPhase section */

/* Begin PBXSourcesBuildPhase section */
		B739360E20CA17580027CF42 /* Sources */ = {
			isa = PBXSourcesBuildPhase;
			buildActionMask = 2147483647;
			files = (
				B7D9F97420CA258700028A85 /* Person.m in Sources */,
				B714161D2125115E002F917C /* UIViewController+RTRootNavigationController.m in Sources */,
				B7D9F96E20CA1E5400028A85 /* Book.m in Sources */,
				B739361A20CA17580027CF42 /* ViewController.m in Sources */,
				B7D9F97720CA417600028A85 /* FZBaseModel.m in Sources */,
				B739362520CA17590027CF42 /* main.m in Sources */,
				B7D9F97120CA244500028A85 /* ext.m in Sources */,
				B739361720CA17580027CF42 /* AppDelegate.m in Sources */,
				B770379420EF11A60041FCE6 /* TestModel.m in Sources */,
				B714161C2125115E002F917C /* RTRootNavigationController.m in Sources */,
			);
			runOnlyForDeploymentPostprocessing = 0;
		};
		B739362620CA17590027CF42 /* Sources */ = {
			isa = PBXSourcesBuildPhase;
			buildActionMask = 2147483647;
			files = (
				B739362F20CA17590027CF42 /* ceshiTests.m in Sources */,
			);
			runOnlyForDeploymentPostprocessing = 0;
		};
		B739363120CA17590027CF42 /* Sources */ = {
			isa = PBXSourcesBuildPhase;
			buildActionMask = 2147483647;
			files = (
				B739363A20CA17590027CF42 /* ceshiUITests.m in Sources */,
			);
			runOnlyForDeploymentPostprocessing = 0;
		};
/* End PBXSourcesBuildPhase section */

/* Begin PBXTargetDependency section */
		B739362C20CA17590027CF42 /* PBXTargetDependency */ = {
			isa = PBXTargetDependency;
			target = B739361120CA17580027CF42 /* ceshi */;
			targetProxy = B739362B20CA17590027CF42 /* PBXContainerItemProxy */;
		};
		B739363720CA17590027CF42 /* PBXTargetDependency */ = {
			isa = PBXTargetDependency;
			target = B739361120CA17580027CF42 /* ceshi */;
			targetProxy = B739363620CA17590027CF42 /* PBXContainerItemProxy */;
		};
/* End PBXTargetDependency section */

/* Begin PBXVariantGroup section */
		B739361B20CA17580027CF42 /* Main.storyboard */ = {
			isa = PBXVariantGroup;
			children = (
				B739361C20CA17580027CF42 /* Base */,
			);
			name = Main.storyboard;
			sourceTree = "<group>";
		};
		B739362020CA17590027CF42 /* LaunchScreen.storyboard */ = {
			isa = PBXVariantGroup;
			children = (
				B739362120CA17590027CF42 /* Base */,
			);
			name = LaunchScreen.storyboard;
			sourceTree = "<group>";
		};
/* End PBXVariantGroup section */

/* Begin XCBuildConfiguration section */
		B739363C20CA17590027CF42 /* Debug */ = {
			isa = XCBuildConfiguration;
			buildSettings = {
				ALWAYS_SEARCH_USER_PATHS = NO;
				CLANG_ANALYZER_NONNULL = YES;
				CLANG_ANALYZER_NUMBER_OBJECT_CONVERSION = YES_AGGRESSIVE;
				CLANG_CXX_LANGUAGE_STANDARD = "gnu++14";
				CLANG_CXX_LIBRARY = "libc++";
				CLANG_ENABLE_MODULES = YES;
				CLANG_ENABLE_OBJC_ARC = YES;
				CLANG_ENABLE_OBJC_WEAK = YES;
				CLANG_WARN_BLOCK_CAPTURE_AUTORELEASING = YES;
				CLANG_WARN_BOOL_CONVERSION = YES;
				CLANG_WARN_COMMA = YES;
				CLANG_WARN_CONSTANT_CONVERSION = YES;
				CLANG_WARN_DEPRECATED_OBJC_IMPLEMENTATIONS = YES;
				CLANG_WARN_DIRECT_OBJC_ISA_USAGE = YES_ERROR;
				CLANG_WARN_DOCUMENTATION_COMMENTS = YES;
				CLANG_WARN_EMPTY_BODY = YES;
				CLANG_WARN_ENUM_CONVERSION = YES;
				CLANG_WARN_INFINITE_RECURSION = YES;
				CLANG_WARN_INT_CONVERSION = YES;
				CLANG_WARN_NON_LITERAL_NULL_CONVERSION = YES;
				CLANG_WARN_OBJC_IMPLICIT_RETAIN_SELF = YES;
				CLANG_WARN_OBJC_LITERAL_CONVERSION = YES;
				CLANG_WARN_OBJC_ROOT_CLASS = YES_ERROR;
				CLANG_WARN_RANGE_LOOP_ANALYSIS = YES;
				CLANG_WARN_STRICT_PROTOTYPES = YES;
				CLANG_WARN_SUSPICIOUS_MOVE = YES;
				CLANG_WARN_UNGUARDED_AVAILABILITY = YES_AGGRESSIVE;
				CLANG_WARN_UNREACHABLE_CODE = YES;
				CLANG_WARN__DUPLICATE_METHOD_MATCH = YES;
				CODE_SIGN_IDENTITY = "iPhone Developer";
				COPY_PHASE_STRIP = NO;
				DEBUG_INFORMATION_FORMAT = dwarf;
				ENABLE_STRICT_OBJC_MSGSEND = YES;
				ENABLE_TESTABILITY = YES;
				GCC_C_LANGUAGE_STANDARD = gnu11;
				GCC_DYNAMIC_NO_PIC = NO;
				GCC_NO_COMMON_BLOCKS = YES;
				GCC_OPTIMIZATION_LEVEL = 0;
				GCC_PREPROCESSOR_DEFINITIONS = (
					"DEBUG=1",
					"$(inherited)",
				);
				GCC_WARN_64_TO_32_BIT_CONVERSION = YES;
				GCC_WARN_ABOUT_RETURN_TYPE = YES_ERROR;
				GCC_WARN_UNDECLARED_SELECTOR = YES;
				GCC_WARN_UNINITIALIZED_AUTOS = YES_AGGRESSIVE;
				GCC_WARN_UNUSED_FUNCTION = YES;
				GCC_WARN_UNUSED_VARIABLE = YES;
				IPHONEOS_DEPLOYMENT_TARGET = 11.3;
				MTL_ENABLE_DEBUG_INFO = YES;
				ONLY_ACTIVE_ARCH = YES;
				SDKROOT = iphoneos;
			};
			name = Debug;
		};
		B739363D20CA17590027CF42 /* Release */ = {
			isa = XCBuildConfiguration;
			buildSettings = {
				ALWAYS_SEARCH_USER_PATHS = NO;
				CLANG_ANALYZER_NONNULL = YES;
				CLANG_ANALYZER_NUMBER_OBJECT_CONVERSION = YES_AGGRESSIVE;
				CLANG_CXX_LANGUAGE_STANDARD = "gnu++14";
				CLANG_CXX_LIBRARY = "libc++";
				CLANG_ENABLE_MODULES = YES;
				CLANG_ENABLE_OBJC_ARC = YES;
				CLANG_ENABLE_OBJC_WEAK = YES;
				CLANG_WARN_BLOCK_CAPTURE_AUTORELEASING = YES;
				CLANG_WARN_BOOL_CONVERSION = YES;
				CLANG_WARN_COMMA = YES;
				CLANG_WARN_CONSTANT_CONVERSION = YES;
				CLANG_WARN_DEPRECATED_OBJC_IMPLEMENTATIONS = YES;
				CLANG_WARN_DIRECT_OBJC_ISA_USAGE = YES_ERROR;
				CLANG_WARN_DOCUMENTATION_COMMENTS = YES;
				CLANG_WARN_EMPTY_BODY = YES;
				CLANG_WARN_ENUM_CONVERSION = YES;
				CLANG_WARN_INFINITE_RECURSION = YES;
				CLANG_WARN_INT_CONVERSION = YES;
				CLANG_WARN_NON_LITERAL_NULL_CONVERSION = YES;
				CLANG_WARN_OBJC_IMPLICIT_RETAIN_SELF = YES;
				CLANG_WARN_OBJC_LITERAL_CONVERSION = YES;
				CLANG_WARN_OBJC_ROOT_CLASS = YES_ERROR;
				CLANG_WARN_RANGE_LOOP_ANALYSIS = YES;
				CLANG_WARN_STRICT_PROTOTYPES = YES;
				CLANG_WARN_SUSPICIOUS_MOVE = YES;
				CLANG_WARN_UNGUARDED_AVAILABILITY = YES_AGGRESSIVE;
				CLANG_WARN_UNREACHABLE_CODE = YES;
				CLANG_WARN__DUPLICATE_METHOD_MATCH = YES;
				CODE_SIGN_IDENTITY = "iPhone Developer";
				COPY_PHASE_STRIP = NO;
				DEBUG_INFORMATION_FORMAT = "dwarf-with-dsym";
				ENABLE_NS_ASSERTIONS = NO;
				ENABLE_STRICT_OBJC_MSGSEND = YES;
				GCC_C_LANGUAGE_STANDARD = gnu11;
				GCC_NO_COMMON_BLOCKS = YES;
				GCC_WARN_64_TO_32_BIT_CONVERSION = YES;
				GCC_WARN_ABOUT_RETURN_TYPE = YES_ERROR;
				GCC_WARN_UNDECLARED_SELECTOR = YES;
				GCC_WARN_UNINITIALIZED_AUTOS = YES_AGGRESSIVE;
				GCC_WARN_UNUSED_FUNCTION = YES;
				GCC_WARN_UNUSED_VARIABLE = YES;
				IPHONEOS_DEPLOYMENT_TARGET = 11.3;
				MTL_ENABLE_DEBUG_INFO = NO;
				SDKROOT = iphoneos;
				VALIDATE_PRODUCT = YES;
			};
			name = Release;
		};
		B739363F20CA17590027CF42 /* Debug */ = {
			isa = XCBuildConfiguration;
			baseConfigurationReference = 6FAE6441223CA57F587D3394 /* Pods-ceshi.debug.xcconfig */;
			buildSettings = {
				ASSETCATALOG_COMPILER_APPICON_NAME = AppIcon;
				CODE_SIGN_STYLE = Manual;
				DEVELOPMENT_TEAM = ECXU495BLB;
				INFOPLIST_FILE = ceshi/Info.plist;
				IPHONEOS_DEPLOYMENT_TARGET = 8;
				LD_RUNPATH_SEARCH_PATHS = (
					"$(inherited)",
					"@executable_path/Frameworks",
				);
				PRODUCT_BUNDLE_IDENTIFIER = com.fzsdlichebao.enterprise;
				PRODUCT_NAME = "$(TARGET_NAME)";
				PROVISIONING_PROFILE = "e8d723d7-e7e4-426b-896b-b72ea5f5bccc";
				PROVISIONING_PROFILE_SPECIFIER = FZDS_LICHEBAO_DEV;
				TARGETED_DEVICE_FAMILY = "1,2";
			};
			name = Debug;
		};
		B739364020CA17590027CF42 /* Release */ = {
			isa = XCBuildConfiguration;
			baseConfigurationReference = 0A117E6584F3DEF7B35F289D /* Pods-ceshi.release.xcconfig */;
			buildSettings = {
				ASSETCATALOG_COMPILER_APPICON_NAME = AppIcon;
				CODE_SIGN_STYLE = Manual;
				DEVELOPMENT_TEAM = "";
				INFOPLIST_FILE = ceshi/Info.plist;
				IPHONEOS_DEPLOYMENT_TARGET = 8;
				LD_RUNPATH_SEARCH_PATHS = (
					"$(inherited)",
					"@executable_path/Frameworks",
				);
				PRODUCT_BUNDLE_IDENTIFIER = com.fzsdlichebao.enterprise;
				PRODUCT_NAME = "$(TARGET_NAME)";
				PROVISIONING_PROFILE_SPECIFIER = "";
				TARGETED_DEVICE_FAMILY = "1,2";
			};
			name = Release;
		};
		B739364220CA17590027CF42 /* Debug */ = {
			isa = XCBuildConfiguration;
			buildSettings = {
				BUNDLE_LOADER = "$(TEST_HOST)";
				CODE_SIGN_STYLE = Automatic;
				INFOPLIST_FILE = ceshiTests/Info.plist;
				LD_RUNPATH_SEARCH_PATHS = (
					"$(inherited)",
					"@executable_path/Frameworks",
					"@loader_path/Frameworks",
				);
				PRODUCT_BUNDLE_IDENTIFIER = "-2121.ceshiTests";
				PRODUCT_NAME = "$(TARGET_NAME)";
				TARGETED_DEVICE_FAMILY = "1,2";
				TEST_HOST = "$(BUILT_PRODUCTS_DIR)/ceshi.app/ceshi";
			};
			name = Debug;
		};
		B739364320CA17590027CF42 /* Release */ = {
			isa = XCBuildConfiguration;
			buildSettings = {
				BUNDLE_LOADER = "$(TEST_HOST)";
				CODE_SIGN_STYLE = Automatic;
				INFOPLIST_FILE = ceshiTests/Info.plist;
				LD_RUNPATH_SEARCH_PATHS = (
					"$(inherited)",
					"@executable_path/Frameworks",
					"@loader_path/Frameworks",
				);
				PRODUCT_BUNDLE_IDENTIFIER = "-2121.ceshiTests";
				PRODUCT_NAME = "$(TARGET_NAME)";
				TARGETED_DEVICE_FAMILY = "1,2";
				TEST_HOST = "$(BUILT_PRODUCTS_DIR)/ceshi.app/ceshi";
			};
			name = Release;
		};
		B739364520CA17590027CF42 /* Debug */ = {
			isa = XCBuildConfiguration;
			buildSettings = {
				CODE_SIGN_STYLE = Automatic;
				INFOPLIST_FILE = ceshiUITests/Info.plist;
				LD_RUNPATH_SEARCH_PATHS = (
					"$(inherited)",
					"@executable_path/Frameworks",
					"@loader_path/Frameworks",
				);
				PRODUCT_BUNDLE_IDENTIFIER = "-2121.ceshiUITests";
				PRODUCT_NAME = "$(TARGET_NAME)";
				TARGETED_DEVICE_FAMILY = "1,2";
				TEST_TARGET_NAME = ceshi;
			};
			name = Debug;
		};
		B739364620CA17590027CF42 /* Release */ = {
			isa = XCBuildConfiguration;
			buildSettings = {
				CODE_SIGN_STYLE = Automatic;
				INFOPLIST_FILE = ceshiUITests/Info.plist;
				LD_RUNPATH_SEARCH_PATHS = (
					"$(inherited)",
					"@executable_path/Frameworks",
					"@loader_path/Frameworks",
				);
				PRODUCT_BUNDLE_IDENTIFIER = "-2121.ceshiUITests";
				PRODUCT_NAME = "$(TARGET_NAME)";
				TARGETED_DEVICE_FAMILY = "1,2";
				TEST_TARGET_NAME = ceshi;
			};
			name = Release;
		};
/* End XCBuildConfiguration section */

/* Begin XCConfigurationList section */
		B739360D20CA17580027CF42 /* Build configuration list for PBXProject "ceshi" */ = {
			isa = XCConfigurationList;
			buildConfigurations = (
				B739363C20CA17590027CF42 /* Debug */,
				B739363D20CA17590027CF42 /* Release */,
			);
			defaultConfigurationIsVisible = 0;
			defaultConfigurationName = Release;
		};
		B739363E20CA17590027CF42 /* Build configuration list for PBXNativeTarget "ceshi" */ = {
			isa = XCConfigurationList;
			buildConfigurations = (
				B739363F20CA17590027CF42 /* Debug */,
				B739364020CA17590027CF42 /* Release */,
			);
			defaultConfigurationIsVisible = 0;
			defaultConfigurationName = Release;
		};
		B739364120CA17590027CF42 /* Build configuration list for PBXNativeTarget "ceshiTests" */ = {
			isa = XCConfigurationList;
			buildConfigurations = (
				B739364220CA17590027CF42 /* Debug */,
				B739364320CA17590027CF42 /* Release */,
			);
			defaultConfigurationIsVisible = 0;
			defaultConfigurationName = Release;
		};
		B739364420CA17590027CF42 /* Build configuration list for PBXNativeTarget "ceshiUITests" */ = {
			isa = XCConfigurationList;
			buildConfigurations = (
				B739364520CA17590027CF42 /* Debug */,
				B739364620CA17590027CF42 /* Release */,
			);
			defaultConfigurationIsVisible = 0;
			defaultConfigurationName = Release;
		};
/* End XCConfigurationList section */
	};
	rootObject = B739360A20CA17580027CF42 /* Project object */;
}
